
Microsoft Visual Studio Solution File, Format Version 12.00
Project("{FAE04EC0-301F-11D3-BF4B-00C04F79EFBC}") = "ConsoleAppHeroAdventure", "ConsoleAppHeroAdventure\ConsoleAppHeroAdventure.csproj", "{61001DA6-FEBF-4C60-AD7F-6CD2CEB4F13F}"
EndProject
Global
	GlobalSection(SolutionConfigurationPlatforms) = preSolution
		Debug|Any CPU = Debug|Any CPU
		Release|Any CPU = Release|Any CPU
	EndGlobalSection
	GlobalSection(ProjectConfigurationPlatforms) = postSolution
		{61001DA6-FEBF-4C60-AD7F-6CD2CEB4F13F}.Debug|Any CPU.ActiveCfg = Debug|Any CPU
		{61001DA6-FEBF-4C60-AD7F-6CD2CEB4F13F}.Debug|Any CPU.Build.0 = Debug|Any CPU
		{61001DA6-FEBF-4C60-AD7F-6CD2CEB4F13F}.Release|Any CPU.ActiveCfg = Release|Any CPU
		{61001DA6-FEBF-4C60-AD7F-6CD2CEB4F13F}.Release|Any CPU.Build.0 = Release|Any CPU
	EndGlobalSection
EndGlobal
